
Microsoft Visual Studio Solution File, Format Version 12.00
# Visual Studio 15
VisualStudioVersion = 15.0.28307.168
MinimumVisualStudioVersion = 10.0.40219.1
Project("{9A19103F-16F7-4668-BE54-9A1E7A4F7556}") = "UIMatrixML", "UIMatrixML\UIMatrixML.csproj", "{66C69506-487A-4621-8DE9-D065CE54D2D4}"
EndProject
Project("{9A19103F-16F7-4668-BE54-9A1E7A4F7556}") = "UIMatrixVisionML", "UIMatrixVisionML\UIMatrixVisionML.csproj", "{F23E4DF6-8BB9-423C-BC44-34D0083EC154}"
EndProject
Global
	GlobalSection(SolutionConfigurationPlatforms) = preSolution
		Debug|Any CPU = Debug|Any CPU
		Release|Any CPU = Release|Any CPU
		VerboseDebug|Any CPU = VerboseDebug|Any CPU
	EndGlobalSection
	GlobalSection(ProjectConfigurationPlatforms) = postSolution
		{66C69506-487A-4621-8DE9-D065CE54D2D4}.Debug|Any CPU.ActiveCfg = Debug|Any CPU
		{66C69506-487A-4621-8DE9-D065CE54D2D4}.Debug|Any CPU.Build.0 = Debug|Any CPU
		{66C69506-487A-4621-8DE9-D065CE54D2D4}.Release|Any CPU.ActiveCfg = Release|Any CPU
		{66C69506-487A-4621-8DE9-D065CE54D2D4}.Release|Any CPU.Build.0 = Release|Any CPU
		{66C69506-487A-4621-8DE9-D065CE54D2D4}.VerboseDebug|Any CPU.ActiveCfg = VerboseDebug|Any CPU
		{66C69506-487A-4621-8DE9-D065CE54D2D4}.VerboseDebug|Any CPU.Build.0 = VerboseDebug|Any CPU
		{F23E4DF6-8BB9-423C-BC44-34D0083EC154}.Debug|Any CPU.ActiveCfg = Debug|Any CPU
		{F23E4DF6-8BB9-423C-BC44-34D0083EC154}.Debug|Any CPU.Build.0 = Debug|Any CPU
		{F23E4DF6-8BB9-423C-BC44-34D0083EC154}.Release|Any CPU.ActiveCfg = Release|Any CPU
		{F23E4DF6-8BB9-423C-BC44-34D0083EC154}.Release|Any CPU.Build.0 = Release|Any CPU
		{F23E4DF6-8BB9-423C-BC44-34D0083EC154}.VerboseDebug|Any CPU.ActiveCfg = VerboseDebug|Any CPU
		{F23E4DF6-8BB9-423C-BC44-34D0083EC154}.VerboseDebug|Any CPU.Build.0 = VerboseDebug|Any CPU
	EndGlobalSection
	GlobalSection(SolutionProperties) = preSolution
		HideSolutionNode = FALSE
	EndGlobalSection
	GlobalSection(ExtensibilityGlobals) = postSolution
		SolutionGuid = {FDB0B1B4-3039-4B5B-9DF3-695A2EFE2A82}
	EndGlobalSection
EndGlobal
